
Microsoft Visual Studio Solution File, Format Version 12.00
# Visual Studio Version 16
VisualStudioVersion = 16.0.30128.74
MinimumVisualStudioVersion = 10.0.40219.1
Project("{FAE04EC0-301F-11D3-BF4B-00C04F79EFBC}") = "FeedMe.Shared", "FeedMe.Shared\FeedMe.Shared.csproj", "{E49D0A3C-7F43-4C01-AF14-0ECBFFAD5460}"
EndProject
Global
	GlobalSection(SolutionConfigurationPlatforms) = preSolution
		Debug|Any CPU = Debug|Any CPU
		Release|Any CPU = Release|Any CPU
	EndGlobalSection
	GlobalSection(ProjectConfigurationPlatforms) = postSolution
		{E49D0A3C-7F43-4C01-AF14-0ECBFFAD5460}.Debug|Any CPU.ActiveCfg = Debug|Any CPU
		{E49D0A3C-7F43-4C01-AF14-0ECBFFAD5460}.Debug|Any CPU.Build.0 = Debug|Any CPU
		{E49D0A3C-7F43-4C01-AF14-0ECBFFAD5460}.Release|Any CPU.ActiveCfg = Release|Any CPU
		{E49D0A3C-7F43-4C01-AF14-0ECBFFAD5460}.Release|Any CPU.Build.0 = Release|Any CPU
	EndGlobalSection
	GlobalSection(SolutionProperties) = preSolution
		HideSolutionNode = FALSE
	EndGlobalSection
	GlobalSection(ExtensibilityGlobals) = postSolution
		SolutionGuid = {C26EAF84-49C1-4491-80E1-B7235727A839}
	EndGlobalSection
EndGlobal
